
Microsoft Visual Studio Solution File, Format Version 12.00
# Visual Studio Version 17
VisualStudioVersion = 17.8.34309.116
MinimumVisualStudioVersion = 10.0.40219.1
Project("{FAE04EC0-301F-11D3-BF4B-00C04F79EFBC}") = "ProjectAlHamra_Mall", "ProjectAlHamra_Mall\ProjectAlHamra_Mall.csproj", "{E9A3DDDC-CD84-40DD-B7A4-C0DDE9DAE380}"
EndProject
Global
	GlobalSection(SolutionConfigurationPlatforms) = preSolution
		Debug|Any CPU = Debug|Any CPU
		Release|Any CPU = Release|Any CPU
	EndGlobalSection
	GlobalSection(ProjectConfigurationPlatforms) = postSolution
		{E9A3DDDC-CD84-40DD-B7A4-C0DDE9DAE380}.Debug|Any CPU.ActiveCfg = Debug|Any CPU
		{E9A3DDDC-CD84-40DD-B7A4-C0DDE9DAE380}.Debug|Any CPU.Build.0 = Debug|Any CPU
		{E9A3DDDC-CD84-40DD-B7A4-C0DDE9DAE380}.Release|Any CPU.ActiveCfg = Release|Any CPU
		{E9A3DDDC-CD84-40DD-B7A4-C0DDE9DAE380}.Release|Any CPU.Build.0 = Release|Any CPU
	EndGlobalSection
	GlobalSection(SolutionProperties) = preSolution
		HideSolutionNode = FALSE
	EndGlobalSection
	GlobalSection(ExtensibilityGlobals) = postSolution
		SolutionGuid = {E4C95CB0-D7A4-42BB-83AC-C45D77F4882E}
	EndGlobalSection
EndGlobal
